// !$*UTF8*$!
{
	archiveVersion = 1;
	classes = {
	};
	objectVersion = 46;
	objects = {

/* Begin PBXBuildFile section */
		32C175BF1BB4C15600931129 /* AppDelegate.swift in Sources */ = {isa = PBXBuildFile; fileRef = 32C175BE1BB4C15600931129 /* AppDelegate.swift */; };
		32C175C11BB4C15600931129 /* ViewController.swift in Sources */ = {isa = PBXBuildFile; fileRef = 32C175C01BB4C15600931129 /* ViewController.swift */; };
		32C175C41BB4C15600931129 /* Main.storyboard in Resources */ = {isa = PBXBuildFile; fileRef = 32C175C21BB4C15600931129 /* Main.storyboard */; };
		32C175C61BB4C15600931129 /* Assets.xcassets in Resources */ = {isa = PBXBuildFile; fileRef = 32C175C51BB4C15600931129 /* Assets.xcassets */; };
		32C175C91BB4C15600931129 /* LaunchScreen.storyboard in Resources */ = {isa = PBXBuildFile; fileRef = 32C175C71BB4C15600931129 /* LaunchScreen.storyboard */; };
		32C175D41BB4C15700931129 /* TicTacToeTests.swift in Sources */ = {isa = PBXBuildFile; fileRef = 32C175D31BB4C15700931129 /* TicTacToeTests.swift */; };
		32C175DF1BB4C25600931129 /* Rectangle 1.png in Resources */ = {isa = PBXBuildFile; fileRef = 32C175DE1BB4C25600931129 /* Rectangle 1.png */; };
		32F275B41BB59AE700B3CB0F /* foregroundrect.png in Resources */ = {isa = PBXBuildFile; fileRef = 32F275B31BB59AE700B3CB0F /* foregroundrect.png */; };
		32F275B61BB59B3500B3CB0F /* Circle2.png in Resources */ = {isa = PBXBuildFile; fileRef = 32F275B51BB59B3500B3CB0F /* Circle2.png */; };
		32F275B81BB59B4100B3CB0F /* X2.png in Resources */ = {isa = PBXBuildFile; fileRef = 32F275B71BB59B4100B3CB0F /* X2.png */; };
		32F275BA1BB59C1B00B3CB0F /* grid2.png in Resources */ = {isa = PBXBuildFile; fileRef = 32F275B91BB59C1B00B3CB0F /* grid2.png */; };
/* End PBXBuildFile section */

/* Begin PBXContainerItemProxy section */
		32C175D01BB4C15700931129 /* PBXContainerItemProxy */ = {
			isa = PBXContainerItemProxy;
			containerPortal = 32C175B31BB4C15600931129 /* Project object */;
			proxyType = 1;
			remoteGlobalIDString = 32C175BA1BB4C15600931129;
			remoteInfo = TicTacToe;
		};
/* End PBXContainerItemProxy section */

/* Begin PBXFileReference section */
		32C175BB1BB4C15600931129 /* TicTacToe.app */ = {isa = PBXFileReference; explicitFileType = wrapper.application; includeInIndex = 0; path = TicTacToe.app; sourceTree = BUILT_PRODUCTS_DIR; };
		32C175BE1BB4C15600931129 /* AppDelegate.swift */ = {isa = PBXFileReference; lastKnownFileType = sourcecode.swift; path = AppDelegate.swift; sourceTree = "<group>"; };
		32C175C01BB4C15600931129 /* ViewController.swift */ = {isa = PBXFileReference; lastKnownFileType = sourcecode.swift; path = ViewController.swift; sourceTree = "<group>"; };
		32C175C31BB4C15600931129 /* Base */ = {isa = PBXFileReference; lastKnownFileType = file.storyboard; name = Base; path = Base.lproj/Main.storyboard; sourceTree = "<group>"; };
		32C175C51BB4C15600931129 /* Assets.xcassets */ = {isa = PBXFileReference; lastKnownFileType = folder.assetcatalog; path = Assets.xcassets; sourceTree = "<group>"; };
		32C175C81BB4C15600931129 /* Base */ = {isa = PBXFileReference; lastKnownFileType = file.storyboard; name = Base; path = Base.lproj/LaunchScreen.storyboard; sourceTree = "<group>"; };
		32C175CA1BB4C15600931129 /* Info.plist */ = {isa = PBXFileReference; lastKnownFileType = text.plist.xml; path = Info.plist; sourceTree = "<group>"; };
		32C175CF1BB4C15700931129 /* TicTacToeTests.xctest */ = {isa = PBXFileReference; explicitFileType = wrapper.cfbundle; includeInIndex = 0; path = TicTacToeTests.xctest; sourceTree = BUILT_PRODUCTS_DIR; };
		32C175D31BB4C15700931129 /* TicTacToeTests.swift */ = {isa = PBXFileReference; lastKnownFileType = sourcecode.swift; path = TicTacToeTests.swift; sourceTree = "<group>"; };
		32C175D51BB4C15700931129 /* Info.plist */ = {isa = PBXFileReference; lastKnownFileType = text.plist.xml; path = Info.plist; sourceTree = "<group>"; };
		32C175DE1BB4C25600931129 /* Rectangle 1.png */ = {isa = PBXFileReference; lastKnownFileType = image.png; path = "Rectangle 1.png"; sourceTree = "<group>"; };
		32F275B31BB59AE700B3CB0F /* foregroundrect.png */ = {isa = PBXFileReference; lastKnownFileType = image.png; path = foregroundrect.png; sourceTree = "<group>"; };
		32F275B51BB59B3500B3CB0F /* Circle2.png */ = {isa = PBXFileReference; lastKnownFileType = image.png; path = Circle2.png; sourceTree = "<group>"; };
		32F275B71BB59B4100B3CB0F /* X2.png */ = {isa = PBXFileReference; lastKnownFileType = image.png; path = X2.png; sourceTree = "<group>"; };
		32F275B91BB59C1B00B3CB0F /* grid2.png */ = {isa = PBXFileReference; lastKnownFileType = image.png; path = grid2.png; sourceTree = "<group>"; };
/* End PBXFileReference section */

/* Begin PBXFrameworksBuildPhase section */
		32C175B81BB4C15600931129 /* Frameworks */ = {
			isa = PBXFrameworksBuildPhase;
			buildActionMask = 2147483647;
			files = (
			);
			runOnlyForDeploymentPostprocessing = 0;
		};
		32C175CC1BB4C15700931129 /* Frameworks */ = {
			isa = PBXFrameworksBuildPhase;
			buildActionMask = 2147483647;
			files = (
			);
			runOnlyForDeploymentPostprocessing = 0;
		};
/* End PBXFrameworksBuildPhase section */

/* Begin PBXGroup section */
		32C175B21BB4C15600931129 = {
			isa = PBXGroup;
			children = (
				32C175BD1BB4C15600931129 /* TicTacToe */,
				32C175D21BB4C15700931129 /* TicTacToeTests */,
				32C175BC1BB4C15600931129 /* Products */,
			);
			sourceTree = "<group>";
		};
		32C175BC1BB4C15600931129 /* Products */ = {
			isa = PBXGroup;
			children = (
				32C175BB1BB4C15600931129 /* TicTacToe.app */,
				32C175CF1BB4C15700931129 /* TicTacToeTests.xctest */,
			);
			name = Products;
			sourceTree = "<group>";
		};
		32C175BD1BB4C15600931129 /* TicTacToe */ = {
			isa = PBXGroup;
			children = (
				32F275B91BB59C1B00B3CB0F /* grid2.png */,
				32F275B71BB59B4100B3CB0F /* X2.png */,
				32F275B51BB59B3500B3CB0F /* Circle2.png */,
				32F275B31BB59AE700B3CB0F /* foregroundrect.png */,
				32C175DE1BB4C25600931129 /* Rectangle 1.png */,
				32C175BE1BB4C15600931129 /* AppDelegate.swift */,
				32C175C01BB4C15600931129 /* ViewController.swift */,
				32C175C21BB4C15600931129 /* Main.storyboard */,
				32C175C51BB4C15600931129 /* Assets.xcassets */,
				32C175C71BB4C15600931129 /* LaunchScreen.storyboard */,
				32C175CA1BB4C15600931129 /* Info.plist */,
			);
			path = TicTacToe;
			sourceTree = "<group>";
		};
		32C175D21BB4C15700931129 /* TicTacToeTests */ = {
			isa = PBXGroup;
			children = (
				32C175D31BB4C15700931129 /* TicTacToeTests.swift */,
				32C175D51BB4C15700931129 /* Info.plist */,
			);
			path = TicTacToeTests;
			sourceTree = "<group>";
		};
/* End PBXGroup section */

/* Begin PBXNativeTarget section */
		32C175BA1BB4C15600931129 /* TicTacToe */ = {
			isa = PBXNativeTarget;
			buildConfigurationList = 32C175D81BB4C15700931129 /* Build configuration list for PBXNativeTarget "TicTacToe" */;
			buildPhases = (
				32C175B71BB4C15600931129 /* Sources */,
				32C175B81BB4C15600931129 /* Frameworks */,
				32C175B91BB4C15600931129 /* Resources */,
			);
			buildRules = (
			);
			dependencies = (
			);
			name = TicTacToe;
			productName = TicTacToe;
			productReference = 32C175BB1BB4C15600931129 /* TicTacToe.app */;
			productType = "com.apple.product-type.application";
		};
		32C175CE1BB4C15700931129 /* TicTacToeTests */ = {
			isa = PBXNativeTarget;
			buildConfigurationList = 32C175DB1BB4C15700931129 /* Build configuration list for PBXNativeTarget "TicTacToeTests" */;
			buildPhases = (
				32C175CB1BB4C15700931129 /* Sources */,
				32C175CC1BB4C15700931129 /* Frameworks */,
				32C175CD1BB4C15700931129 /* Resources */,
			);
			buildRules = (
			);
			dependencies = (
				32C175D11BB4C15700931129 /* PBXTargetDependency */,
			);
			name = TicTacToeTests;
			productName = TicTacToeTests;
			productReference = 32C175CF1BB4C15700931129 /* TicTacToeTests.xctest */;
			productType = "com.apple.product-type.bundle.unit-test";
		};
/* End PBXNativeTarget section */

/* Begin PBXProject section */
		32C175B31BB4C15600931129 /* Project object */ = {
			isa = PBXProject;
			attributes = {
				LastUpgradeCheck = 0710;
				ORGANIZATIONNAME = TJ;
				TargetAttributes = {
					32C175BA1BB4C15600931129 = {
						CreatedOnToolsVersion = 7.1;
					};
					32C175CE1BB4C15700931129 = {
						CreatedOnToolsVersion = 7.1;
						TestTargetID = 32C175BA1BB4C15600931129;
					};
				};
			};
			buildConfigurationList = 32C175B61BB4C15600931129 /* Build configuration list for PBXProject "TicTacToe" */;
			compatibilityVersion = "Xcode 3.2";
			developmentRegion = English;
			hasScannedForEncodings = 0;
			knownRegions = (
				en,
				Base,
			);
			mainGroup = 32C175B21BB4C15600931129;
			productRefGroup = 32C175BC1BB4C15600931129 /* Products */;
			projectDirPath = "";
			projectRoot = "";
			targets = (
				32C175BA1BB4C15600931129 /* TicTacToe */,
				32C175CE1BB4C15700931129 /* TicTacToeTests */,
			);
		};
/* End PBXProject section */

/* Begin PBXResourcesBuildPhase section */
		32C175B91BB4C15600931129 /* Resources */ = {
			isa = PBXResourcesBuildPhase;
			buildActionMask = 2147483647;
			files = (
				32C175DF1BB4C25600931129 /* Rectangle 1.png in Resources */,
				32C175C91BB4C15600931129 /* LaunchScreen.storyboard in Resources */,
				32F275B61BB59B3500B3CB0F /* Circle2.png in Resources */,
				32F275B41BB59AE700B3CB0F /* foregroundrect.png in Resources */,
				32F275BA1BB59C1B00B3CB0F /* grid2.png in Resources */,
				32C175C61BB4C15600931129 /* Assets.xcassets in Resources */,
				32F275B81BB59B4100B3CB0F /* X2.png in Resources */,
				32C175C41BB4C15600931129 /* Main.storyboard in Resources */,
			);
			runOnlyForDeploymentPostprocessing = 0;
		};
		32C175CD1BB4C15700931129 /* Resources */ = {
			isa = PBXResourcesBuildPhase;
			buildActionMask = 2147483647;
			files = (
			);
			runOnlyForDeploymentPostprocessing = 0;
		};
/* End PBXResourcesBuildPhase section */

/* Begin PBXSourcesBuildPhase section */
		32C175B71BB4C15600931129 /* Sources */ = {
			isa = PBXSourcesBuildPhase;
			buildActionMask = 2147483647;
			files = (
				32C175C11BB4C15600931129 /* ViewController.swift in Sources */,
				32C175BF1BB4C15600931129 /* AppDelegate.swift in Sources */,
			);
			runOnlyForDeploymentPostprocessing = 0;
		};
		32C175CB1BB4C15700931129 /* Sources */ = {
			isa = PBXSourcesBuildPhase;
			buildActionMask = 2147483647;
			files = (
				32C175D41BB4C15700931129 /* TicTacToeTests.swift in Sources */,
			);
			runOnlyForDeploymentPostprocessing = 0;
		};
/* End PBXSourcesBuildPhase section */

/* Begin PBXTargetDependency section */
		32C175D11BB4C15700931129 /* PBXTargetDependency */ = {
			isa = PBXTargetDependency;
			target = 32C175BA1BB4C15600931129 /* TicTacToe */;
			targetProxy = 32C175D01BB4C15700931129 /* PBXContainerItemProxy */;
		};
/* End PBXTargetDependency section */

/* Begin PBXVariantGroup section */
		32C175C21BB4C15600931129 /* Main.storyboard */ = {
			isa = PBXVariantGroup;
			children = (
				32C175C31BB4C15600931129 /* Base */,
			);
			name = Main.storyboard;
			sourceTree = "<group>";
		};
		32C175C71BB4C15600931129 /* LaunchScreen.storyboard */ = {
			isa = PBXVariantGroup;
			children = (
				32C175C81BB4C15600931129 /* Base */,
			);
			name = LaunchScreen.storyboard;
			sourceTree = "<group>";
		};
/* End PBXVariantGroup section */

/* Begin XCBuildConfiguration section */
		32C175D61BB4C15700931129 /* Debug */ = {
			isa = XCBuildConfiguration;
			buildSettings = {
				ALWAYS_SEARCH_USER_PATHS = NO;
				CLANG_CXX_LANGUAGE_STANDARD = "gnu++0x";
				CLANG_CXX_LIBRARY = "libc++";
				CLANG_ENABLE_MODULES = YES;
				CLANG_ENABLE_OBJC_ARC = YES;
				CLANG_WARN_BOOL_CONVERSION = YES;
				CLANG_WARN_CONSTANT_CONVERSION = YES;
				CLANG_WARN_DIRECT_OBJC_ISA_USAGE = YES_ERROR;
				CLANG_WARN_EMPTY_BODY = YES;
				CLANG_WARN_ENUM_CONVERSION = YES;
				CLANG_WARN_INT_CONVERSION = YES;
				CLANG_WARN_OBJC_ROOT_CLASS = YES_ERROR;
				CLANG_WARN_UNREACHABLE_CODE = YES;
				CLANG_WARN__DUPLICATE_METHOD_MATCH = YES;
				"CODE_SIGN_IDENTITY[sdk=iphoneos*]" = "iPhone Developer";
				COPY_PHASE_STRIP = NO;
				DEBUG_INFORMATION_FORMAT = dwarf;
				ENABLE_STRICT_OBJC_MSGSEND = YES;
				ENABLE_TESTABILITY = YES;
				GCC_C_LANGUAGE_STANDARD = gnu99;
				GCC_DYNAMIC_NO_PIC = NO;
				GCC_NO_COMMON_BLOCKS = YES;
				GCC_OPTIMIZATION_LEVEL = 0;
				GCC_PREPROCESSOR_DEFINITIONS = (
					"DEBUG=1",
					"$(inherited)",
				);
				GCC_WARN_64_TO_32_BIT_CONVERSION = YES;
				GCC_WARN_ABOUT_RETURN_TYPE = YES_ERROR;
				GCC_WARN_UNDECLARED_SELECTOR = YES;
				GCC_WARN_UNINITIALIZED_AUTOS = YES_AGGRESSIVE;
				GCC_WARN_UNUSED_FUNCTION = YES;
				GCC_WARN_UNUSED_VARIABLE = YES;
				IPHONEOS_DEPLOYMENT_TARGET = 9.1;
				MTL_ENABLE_DEBUG_INFO = YES;
				ONLY_ACTIVE_ARCH = YES;
				SDKROOT = iphoneos;
				SWIFT_OPTIMIZATION_LEVEL = "-Onone";
				TARGETED_DEVICE_FAMILY = "1,2";
			};
			name = Debug;
		};
		32C175D71BB4C15700931129 /* Release */ = {
			isa = XCBuildConfiguration;
			buildSettings = {
				ALWAYS_SEARCH_USER_PATHS = NO;
				CLANG_CXX_LANGUAGE_STANDARD = "gnu++0x";
				CLANG_CXX_LIBRARY = "libc++";
				CLANG_ENABLE_MODULES = YES;
				CLANG_ENABLE_OBJC_ARC = YES;
				CLANG_WARN_BOOL_CONVERSION = YES;
				CLANG_WARN_CONSTANT_CONVERSION = YES;
				CLANG_WARN_DIRECT_OBJC_ISA_USAGE = YES_ERROR;
				CLANG_WARN_EMPTY_BODY = YES;
				CLANG_WARN_ENUM_CONVERSION = YES;
				CLANG_WARN_INT_CONVERSION = YES;
				CLANG_WARN_OBJC_ROOT_CLASS = YES_ERROR;
				CLANG_WARN_UNREACHABLE_CODE = YES;
				CLANG_WARN__DUPLICATE_METHOD_MATCH = YES;
				"CODE_SIGN_IDENTITY[sdk=iphoneos*]" = "iPhone Developer";
				COPY_PHASE_STRIP = NO;
				DEBUG_INFORMATION_FORMAT = "dwarf-with-dsym";
				ENABLE_NS_ASSERTIONS = NO;
				ENABLE_STRICT_OBJC_MSGSEND = YES;
				GCC_C_LANGUAGE_STANDARD = gnu99;
				GCC_NO_COMMON_BLOCKS = YES;
				GCC_WARN_64_TO_32_BIT_CONVERSION = YES;
				GCC_WARN_ABOUT_RETURN_TYPE = YES_ERROR;
				GCC_WARN_UNDECLARED_SELECTOR = YES;
				GCC_WARN_UNINITIALIZED_AUTOS = YES_AGGRESSIVE;
				GCC_WARN_UNUSED_FUNCTION = YES;
				GCC_WARN_UNUSED_VARIABLE = YES;
				IPHONEOS_DEPLOYMENT_TARGET = 9.1;
				MTL_ENABLE_DEBUG_INFO = NO;
				SDKROOT = iphoneos;
				TARGETED_DEVICE_FAMILY = "1,2";
				VALIDATE_PRODUCT = YES;
			};
			name = Release;
		};
		32C175D91BB4C15700931129 /* Debug */ = {
			isa = XCBuildConfiguration;
			buildSettings = {
				ASSETCATALOG_COMPILER_APPICON_NAME = AppIcon;
				INFOPLIST_FILE = TicTacToe/Info.plist;
				LD_RUNPATH_SEARCH_PATHS = "$(inherited) @executable_path/Frameworks";
				PRODUCT_BUNDLE_IDENTIFIER = me.TicTacToe;
				PRODUCT_NAME = "$(TARGET_NAME)";
			};
			name = Debug;
		};
		32C175DA1BB4C15700931129 /* Release */ = {
			isa = XCBuildConfiguration;
			buildSettings = {
				ASSETCATALOG_COMPILER_APPICON_NAME = AppIcon;
				INFOPLIST_FILE = TicTacToe/Info.plist;
				LD_RUNPATH_SEARCH_PATHS = "$(inherited) @executable_path/Frameworks";
				PRODUCT_BUNDLE_IDENTIFIER = me.TicTacToe;
				PRODUCT_NAME = "$(TARGET_NAME)";
			};
			name = Release;
		};
		32C175DC1BB4C15700931129 /* Debug */ = {
			isa = XCBuildConfiguration;
			buildSettings = {
				BUNDLE_LOADER = "$(TEST_HOST)";
				INFOPLIST_FILE = TicTacToeTests/Info.plist;
				LD_RUNPATH_SEARCH_PATHS = "$(inherited) @executable_path/Frameworks @loader_path/Frameworks";
				PRODUCT_BUNDLE_IDENTIFIER = me.TicTacToeTests;
				PRODUCT_NAME = "$(TARGET_NAME)";
				TEST_HOST = "$(BUILT_PRODUCTS_DIR)/TicTacToe.app/TicTacToe";
			};
			name = Debug;
		};
		32C175DD1BB4C15700931129 /* Release */ = {
			isa = XCBuildConfiguration;
			buildSettings = {
				BUNDLE_LOADER = "$(TEST_HOST)";
				INFOPLIST_FILE = TicTacToeTests/Info.plist;
				LD_RUNPATH_SEARCH_PATHS = "$(inherited) @executable_path/Frameworks @loader_path/Frameworks";
				PRODUCT_BUNDLE_IDENTIFIER = me.TicTacToeTests;
				PRODUCT_NAME = "$(TARGET_NAME)";
				TEST_HOST = "$(BUILT_PRODUCTS_DIR)/TicTacToe.app/TicTacToe";
			};
			name = Release;
		};
/* End XCBuildConfiguration section */

/* Begin XCConfigurationList section */
		32C175B61BB4C15600931129 /* Build configuration list for PBXProject "TicTacToe" */ = {
			isa = XCConfigurationList;
			buildConfigurations = (
				32C175D61BB4C15700931129 /* Debug */,
				32C175D71BB4C15700931129 /* Release */,
			);
			defaultConfigurationIsVisible = 0;
			defaultConfigurationName = Release;
		};
		32C175D81BB4C15700931129 /* Build configuration list for PBXNativeTarget "TicTacToe" */ = {
			isa = XCConfigurationList;
			buildConfigurations = (
				32C175D91BB4C15700931129 /* Debug */,
				32C175DA1BB4C15700931129 /* Release */,
			);
			defaultConfigurationIsVisible = 0;
			defaultConfigurationName = Release;
		};
		32C175DB1BB4C15700931129 /* Build configuration list for PBXNativeTarget "TicTacToeTests" */ = {
			isa = XCConfigurationList;
			buildConfigurations = (
				32C175DC1BB4C15700931129 /* Debug */,
				32C175DD1BB4C15700931129 /* Release */,
			);
			defaultConfigurationIsVisible = 0;
			defaultConfigurationName = Release;
		};
/* End XCConfigurationList section */
	};
	rootObject = 32C175B31BB4C15600931129 /* Project object */;
}
